
Microsoft Visual Studio Solution File, Format Version 12.00
# Visual Studio Version 16
VisualStudioVersion = 16.0.30014.187
MinimumVisualStudioVersion = 10.0.40219.1
Project("{FAE04EC0-301F-11D3-BF4B-00C04F79EFBC}") = "DSED-01", "DSED-01.csproj", "{C8891E80-C697-484B-B0F5-176151537B69}"
EndProject
Project("{FAE04EC0-301F-11D3-BF4B-00C04F79EFBC}") = "DSDTests", "..\DSDTests\DSDTests.csproj", "{44B9679C-52F2-4CDF-AA78-E1D5942919F8}"
EndProject
Global
	GlobalSection(SolutionConfigurationPlatforms) = preSolution
		Debug|Any CPU = Debug|Any CPU
		Release|Any CPU = Release|Any CPU
	EndGlobalSection
	GlobalSection(ProjectConfigurationPlatforms) = postSolution
		{C8891E80-C697-484B-B0F5-176151537B69}.Debug|Any CPU.ActiveCfg = Debug|Any CPU
		{C8891E80-C697-484B-B0F5-176151537B69}.Debug|Any CPU.Build.0 = Debug|Any CPU
		{C8891E80-C697-484B-B0F5-176151537B69}.Release|Any CPU.ActiveCfg = Release|Any CPU
		{C8891E80-C697-484B-B0F5-176151537B69}.Release|Any CPU.Build.0 = Release|Any CPU
		{44B9679C-52F2-4CDF-AA78-E1D5942919F8}.Debug|Any CPU.ActiveCfg = Debug|Any CPU
		{44B9679C-52F2-4CDF-AA78-E1D5942919F8}.Debug|Any CPU.Build.0 = Debug|Any CPU
		{44B9679C-52F2-4CDF-AA78-E1D5942919F8}.Release|Any CPU.ActiveCfg = Release|Any CPU
		{44B9679C-52F2-4CDF-AA78-E1D5942919F8}.Release|Any CPU.Build.0 = Release|Any CPU
	EndGlobalSection
	GlobalSection(SolutionProperties) = preSolution
		HideSolutionNode = FALSE
	EndGlobalSection
	GlobalSection(ExtensibilityGlobals) = postSolution
		SolutionGuid = {84B3BC69-993B-4080-A0BD-1130CDA8AC6F}
	EndGlobalSection
EndGlobal
